
Microsoft Visual Studio Solution File, Format Version 12.00
# Visual Studio Version 16
VisualStudioVersion = 16.0.29009.5
MinimumVisualStudioVersion = 10.0.40219.1
Project("{FAE04EC0-301F-11D3-BF4B-00C04F79EFBC}") = "Game", "Practice CA1\Game.csproj", "{C93FFC87-2C3E-4377-8FFC-0EE56BEE83A3}"
EndProject
Global
	GlobalSection(SolutionConfigurationPlatforms) = preSolution
		Debug|Any CPU = Debug|Any CPU
		Release|Any CPU = Release|Any CPU
	EndGlobalSection
	GlobalSection(ProjectConfigurationPlatforms) = postSolution
		{C93FFC87-2C3E-4377-8FFC-0EE56BEE83A3}.Debug|Any CPU.ActiveCfg = Debug|Any CPU
		{C93FFC87-2C3E-4377-8FFC-0EE56BEE83A3}.Debug|Any CPU.Build.0 = Debug|Any CPU
		{C93FFC87-2C3E-4377-8FFC-0EE56BEE83A3}.Release|Any CPU.ActiveCfg = Release|Any CPU
		{C93FFC87-2C3E-4377-8FFC-0EE56BEE83A3}.Release|Any CPU.Build.0 = Release|Any CPU
	EndGlobalSection
	GlobalSection(SolutionProperties) = preSolution
		HideSolutionNode = FALSE
	EndGlobalSection
	GlobalSection(ExtensibilityGlobals) = postSolution
		SolutionGuid = {6A8BB762-F6BA-446A-9622-23633B5A63E5}
	EndGlobalSection
EndGlobal
